
Microsoft Visual Studio Solution File, Format Version 12.00
# Visual Studio Version 17
VisualStudioVersion = 17.9.34728.123
MinimumVisualStudioVersion = 10.0.40219.1
Project("{9A19103F-16F7-4668-BE54-9A1E7A4F7556}") = "Shopping.Client", "Shopping.Client\Shopping.Client.csproj", "{40F39536-B5D7-43BB-818B-D29819DAE91C}"
EndProject
Project("{FAE04EC0-301F-11D3-BF4B-00C04F79EFBC}") = "Shopping.Api", "Shopping.Api\Shopping.Api.csproj", "{8E188B45-3DA6-4551-90C9-29419E1AA546}"
EndProject
Global
	GlobalSection(SolutionConfigurationPlatforms) = preSolution
		Debug|Any CPU = Debug|Any CPU
		Release|Any CPU = Release|Any CPU
	EndGlobalSection
	GlobalSection(ProjectConfigurationPlatforms) = postSolution
		{40F39536-B5D7-43BB-818B-D29819DAE91C}.Debug|Any CPU.ActiveCfg = Debug|Any CPU
		{40F39536-B5D7-43BB-818B-D29819DAE91C}.Debug|Any CPU.Build.0 = Debug|Any CPU
		{40F39536-B5D7-43BB-818B-D29819DAE91C}.Release|Any CPU.ActiveCfg = Release|Any CPU
		{40F39536-B5D7-43BB-818B-D29819DAE91C}.Release|Any CPU.Build.0 = Release|Any CPU
		{8E188B45-3DA6-4551-90C9-29419E1AA546}.Debug|Any CPU.ActiveCfg = Debug|Any CPU
		{8E188B45-3DA6-4551-90C9-29419E1AA546}.Debug|Any CPU.Build.0 = Debug|Any CPU
		{8E188B45-3DA6-4551-90C9-29419E1AA546}.Release|Any CPU.ActiveCfg = Release|Any CPU
		{8E188B45-3DA6-4551-90C9-29419E1AA546}.Release|Any CPU.Build.0 = Release|Any CPU
	EndGlobalSection
	GlobalSection(SolutionProperties) = preSolution
		HideSolutionNode = FALSE
	EndGlobalSection
	GlobalSection(ExtensibilityGlobals) = postSolution
		SolutionGuid = {A8BEF940-E79F-49B8-85C4-A523055A6A71}
	EndGlobalSection
EndGlobal
